
Microsoft Visual Studio Solution File, Format Version 12.00
Project("{2150E333-8FDC-42A3-9474-1A3956D46DE8}") = "SolutionItems", "SolutionItems", "{ED9ECEFE-6E3D-4481-BB60-224BC73A6332}"
	ProjectSection(SolutionItems) = preProject
		LICENSE = LICENSE
		README.md = README.md
		.editorconfig = .editorconfig
		.gitignore = .gitignore
		Directory.Build.props = Directory.Build.props
	EndProjectSection
EndProject
Project("{2150E333-8FDC-42A3-9474-1A3956D46DE8}") = "src", "src", "{59682561-51BC-4E57-AC49-74D729F70A3B}"
EndProject
Project("{2150E333-8FDC-42A3-9474-1A3956D46DE8}") = "tests", "tests", "{6A29699E-2B64-453A-A9CF-2B9C3487BA84}"
EndProject
Project("{FAE04EC0-301F-11D3-BF4B-00C04F79EFBC}") = "Techwitz.JWK", "src\Techwitz.JWK\Techwitz.JWK.csproj", "{6BFEBA9D-8B21-4915-AC5E-3E3D1A752190}"
EndProject
Project("{FAE04EC0-301F-11D3-BF4B-00C04F79EFBC}") = "Techwitz.JWK.Tests", "tests\Techwitz.JWK.Tests\Techwitz.JWK.Tests.csproj", "{177A2421-57B4-4382-B69A-057125D02362}"
EndProject
Global
	GlobalSection(SolutionConfigurationPlatforms) = preSolution
		Debug|Any CPU = Debug|Any CPU
		Release|Any CPU = Release|Any CPU
	EndGlobalSection
	GlobalSection(NestedProjects) = preSolution
		{6BFEBA9D-8B21-4915-AC5E-3E3D1A752190} = {59682561-51BC-4E57-AC49-74D729F70A3B}
		{177A2421-57B4-4382-B69A-057125D02362} = {6A29699E-2B64-453A-A9CF-2B9C3487BA84}
	EndGlobalSection
	GlobalSection(ProjectConfigurationPlatforms) = postSolution
		{6BFEBA9D-8B21-4915-AC5E-3E3D1A752190}.Debug|Any CPU.ActiveCfg = Debug|Any CPU
		{6BFEBA9D-8B21-4915-AC5E-3E3D1A752190}.Debug|Any CPU.Build.0 = Debug|Any CPU
		{6BFEBA9D-8B21-4915-AC5E-3E3D1A752190}.Release|Any CPU.ActiveCfg = Release|Any CPU
		{6BFEBA9D-8B21-4915-AC5E-3E3D1A752190}.Release|Any CPU.Build.0 = Release|Any CPU
		{177A2421-57B4-4382-B69A-057125D02362}.Debug|Any CPU.ActiveCfg = Debug|Any CPU
		{177A2421-57B4-4382-B69A-057125D02362}.Debug|Any CPU.Build.0 = Debug|Any CPU
		{177A2421-57B4-4382-B69A-057125D02362}.Release|Any CPU.ActiveCfg = Release|Any CPU
		{177A2421-57B4-4382-B69A-057125D02362}.Release|Any CPU.Build.0 = Release|Any CPU
	EndGlobalSection
EndGlobal
